<Solution>
  <Folder Name="/API/">
    <Project Path="API/EventosVivos.API/EventosVivos.API.csproj" Id="12f004b8-5a9c-47fc-99c1-c59cf5f224dd" />
  </Folder>
  <Folder Name="/MODULES/" />
  <Folder Name="/MODULES/Evento/" />
  <Folder Name="/MODULES/Evento/Contract/">
    <Project Path="MODULES/Evento/Contract/ModuloEventoContract/ModuloEventoContract.csproj" Id="8498cecc-a19e-45d3-8a31-e0b06204c9e6" />
  </Folder>
  <Folder Name="/MODULES/Evento/Implementation/">
    <Project Path="MODULES/Evento/Implementation/ModuloEvento.csproj" />
    <Project Path="MODULES/Evento/Implementation/ModuloEventoTest/ModuloEventoTest.csproj" Id="407b6645-1693-4d14-9940-f024e970b20e" />
  </Folder>
  <Folder Name="/MODULES/Reporte/" />
  <Folder Name="/MODULES/Reporte/Contract/">
    <Project Path="MODULES/Reporte/Contract/ModuloReporteContract/ModuloReporteContract.csproj" Id="37c2b21b-b591-4379-bfaa-8c812653a96b" />
  </Folder>
  <Folder Name="/MODULES/Reporte/Implementation/">
    <Project Path="MODULES/Reporte/Implementation/ModuloReporte/ModuloReporte.csproj" Id="2073de96-8ecd-44a5-ac25-96bc7822d068" />
    <Project Path="MODULES/Reporte/Implementation/ModuloReporteTest/ModuloReporteTest.csproj" Id="e11053a7-9f77-4f4a-9a30-7ed405e2da74" />
  </Folder>
  <Folder Name="/MODULES/Reserva/" />
  <Folder Name="/MODULES/Reserva/Contract/">
    <Project Path="MODULES/Reserva/Contract/ModuloReservaContract/ModuloReservaContract.csproj" Id="339cd629-f314-4f4b-a6bd-45d953a62d08" />
  </Folder>
  <Folder Name="/MODULES/Reserva/Implementation/">
    <Project Path="MODULES/Reserva/Implementation/ModuloReserva/ModuloReserva.csproj" Id="82fda0f3-3e9e-4d3e-bd18-1b998e06f2d0" />
    <Project Path="MODULES/Reserva/Implementation/ModuloReservaTest/ModuloReservaTest.csproj" Id="7f4baab4-9364-4cdc-8b09-56b6316b2b7e" />
  </Folder>
  <Folder Name="/MODULES/Security/" />
  <Folder Name="/MODULES/Security/Contract/">
    <Project Path="MODULES/Security/Contract/ModuloSecurityContract/ModuloSecurityContract.csproj" />
  </Folder>
  <Folder Name="/MODULES/Security/Implementation/">
    <Project Path="MODULES/Security/Implementation/ModuloSecurity/ModuloSecurity.csproj" />
    <Project Path="MODULES/Security/Implementation/ModuloSecurityTest/ModuloSecurityTest.csproj" />
  </Folder>
  <Folder Name="/MODULES/Tarea/">
    <Project Path="MODULES/Tarea/ModuloTarea/ModuloTarea.csproj" />
    <Project Path="MODULES/Tarea/ModuloTareaTest/ModuloTareaTest.csproj" Id="6103699e-1cb5-4a49-a528-6713f6be2ce2" />
  </Folder>
  <Folder Name="/SHARED/">
    <Project Path="SHARED/Transversal/Transversal.csproj" Id="f73690da-fe73-4ca7-a946-5c16fd00258e" />
  </Folder>
  <Folder Name="/TEST/">
    <Project Path="TESTS/FlowTests/FlowTests.csproj" />
  </Folder>
  <Project Path="docker-compose.dcproj">
    <Build />
  </Project>
</Solution>
